
Microsoft Visual Studio Solution File, Format Version 12.00
# Visual Studio Version 17
VisualStudioVersion = 17.13.35931.197
MinimumVisualStudioVersion = 10.0.40219.1
Project("{FAE04EC0-301F-11D3-BF4B-00C04F79EFBC}") = "field_of_miracles", "field_of_miracles\field_of_miracles.csproj", "{0D057DAA-E2B7-4AE6-BA07-15A2F91FCCBE}"
EndProject
Global
	GlobalSection(SolutionConfigurationPlatforms) = preSolution
		Debug|Any CPU = Debug|Any CPU
		Release|Any CPU = Release|Any CPU
	EndGlobalSection
	GlobalSection(ProjectConfigurationPlatforms) = postSolution
		{0D057DAA-E2B7-4AE6-BA07-15A2F91FCCBE}.Debug|Any CPU.ActiveCfg = Debug|Any CPU
		{0D057DAA-E2B7-4AE6-BA07-15A2F91FCCBE}.Debug|Any CPU.Build.0 = Debug|Any CPU
		{0D057DAA-E2B7-4AE6-BA07-15A2F91FCCBE}.Release|Any CPU.ActiveCfg = Release|Any CPU
		{0D057DAA-E2B7-4AE6-BA07-15A2F91FCCBE}.Release|Any CPU.Build.0 = Release|Any CPU
	EndGlobalSection
	GlobalSection(SolutionProperties) = preSolution
		HideSolutionNode = FALSE
	EndGlobalSection
	GlobalSection(ExtensibilityGlobals) = postSolution
		SolutionGuid = {D4A7131B-1E6B-458D-8541-03D6710C1CF6}
	EndGlobalSection
EndGlobal
